
Microsoft Visual Studio Solution File, Format Version 12.00
# Visual Studio Version 17
VisualStudioVersion = 17.7.34018.315
MinimumVisualStudioVersion = 10.0.40219.1
Project("{FAE04EC0-301F-11D3-BF4B-00C04F79EFBC}") = "UT3 - Job Application Bad UX", "UT3 - Job Application Bad UX.csproj", "{B15278D5-E8E5-433E-AE0D-0A6AD16FE608}"
EndProject
Global
	GlobalSection(SolutionConfigurationPlatforms) = preSolution
		Debug|Any CPU = Debug|Any CPU
		Release|Any CPU = Release|Any CPU
	EndGlobalSection
	GlobalSection(ProjectConfigurationPlatforms) = postSolution
		{B15278D5-E8E5-433E-AE0D-0A6AD16FE608}.Debug|Any CPU.ActiveCfg = Debug|Any CPU
		{B15278D5-E8E5-433E-AE0D-0A6AD16FE608}.Debug|Any CPU.Build.0 = Debug|Any CPU
		{B15278D5-E8E5-433E-AE0D-0A6AD16FE608}.Release|Any CPU.ActiveCfg = Release|Any CPU
		{B15278D5-E8E5-433E-AE0D-0A6AD16FE608}.Release|Any CPU.Build.0 = Release|Any CPU
	EndGlobalSection
	GlobalSection(SolutionProperties) = preSolution
		HideSolutionNode = FALSE
	EndGlobalSection
	GlobalSection(ExtensibilityGlobals) = postSolution
		SolutionGuid = {B9E39AEE-73FE-4373-9F27-B6CF5DBC82FA}
	EndGlobalSection
EndGlobal
