
Microsoft Visual Studio Solution File, Format Version 12.00
# Visual Studio Version 17
VisualStudioVersion = 17.6.33815.320
MinimumVisualStudioVersion = 10.0.40219.1
Project("{FAE04EC0-301F-11D3-BF4B-00C04F79EFBC}") = "UT2 - PhoneUML", "UT2 - PhoneUML.csproj", "{50597D24-91D7-475A-859F-3163F04F0E08}"
EndProject
Global
	GlobalSection(SolutionConfigurationPlatforms) = preSolution
		Debug|Any CPU = Debug|Any CPU
		Release|Any CPU = Release|Any CPU
	EndGlobalSection
	GlobalSection(ProjectConfigurationPlatforms) = postSolution
		{50597D24-91D7-475A-859F-3163F04F0E08}.Debug|Any CPU.ActiveCfg = Debug|Any CPU
		{50597D24-91D7-475A-859F-3163F04F0E08}.Debug|Any CPU.Build.0 = Debug|Any CPU
		{50597D24-91D7-475A-859F-3163F04F0E08}.Release|Any CPU.ActiveCfg = Release|Any CPU
		{50597D24-91D7-475A-859F-3163F04F0E08}.Release|Any CPU.Build.0 = Release|Any CPU
	EndGlobalSection
	GlobalSection(SolutionProperties) = preSolution
		HideSolutionNode = FALSE
	EndGlobalSection
	GlobalSection(ExtensibilityGlobals) = postSolution
		SolutionGuid = {6989DF4F-1536-4ED5-A8E3-5B7A52DA9241}
	EndGlobalSection
EndGlobal
