
Microsoft Visual Studio Solution File, Format Version 12.00
# Visual Studio Version 17
VisualStudioVersion = 17.6.33815.320
MinimumVisualStudioVersion = 10.0.40219.1
Project("{FAE04EC0-301F-11D3-BF4B-00C04F79EFBC}") = "GifFinder", "GifFinder.csproj", "{94B63BCF-E0CB-45B1-85A7-93C8BC54B471}"
EndProject
Global
	GlobalSection(SolutionConfigurationPlatforms) = preSolution
		Debug|Any CPU = Debug|Any CPU
		Release|Any CPU = Release|Any CPU
	EndGlobalSection
	GlobalSection(ProjectConfigurationPlatforms) = postSolution
		{94B63BCF-E0CB-45B1-85A7-93C8BC54B471}.Debug|Any CPU.ActiveCfg = Debug|Any CPU
		{94B63BCF-E0CB-45B1-85A7-93C8BC54B471}.Debug|Any CPU.Build.0 = Debug|Any CPU
		{94B63BCF-E0CB-45B1-85A7-93C8BC54B471}.Release|Any CPU.ActiveCfg = Release|Any CPU
		{94B63BCF-E0CB-45B1-85A7-93C8BC54B471}.Release|Any CPU.Build.0 = Release|Any CPU
	EndGlobalSection
	GlobalSection(SolutionProperties) = preSolution
		HideSolutionNode = FALSE
	EndGlobalSection
	GlobalSection(ExtensibilityGlobals) = postSolution
		SolutionGuid = {DAC525B6-299E-46BA-A724-B0784AF83DF7}
	EndGlobalSection
EndGlobal
