
Microsoft Visual Studio Solution File, Format Version 12.00
# Visual Studio Version 17
VisualStudioVersion = 17.6.33815.320
MinimumVisualStudioVersion = 10.0.40219.1
Project("{FAE04EC0-301F-11D3-BF4B-00C04F79EFBC}") = "MyEditor", "MyEditor.csproj", "{8F05D685-F5AE-415B-BED2-264C2117E2EE}"
EndProject
Global
	GlobalSection(SolutionConfigurationPlatforms) = preSolution
		Debug|Any CPU = Debug|Any CPU
		Release|Any CPU = Release|Any CPU
	EndGlobalSection
	GlobalSection(ProjectConfigurationPlatforms) = postSolution
		{8F05D685-F5AE-415B-BED2-264C2117E2EE}.Debug|Any CPU.ActiveCfg = Debug|Any CPU
		{8F05D685-F5AE-415B-BED2-264C2117E2EE}.Debug|Any CPU.Build.0 = Debug|Any CPU
		{8F05D685-F5AE-415B-BED2-264C2117E2EE}.Release|Any CPU.ActiveCfg = Release|Any CPU
		{8F05D685-F5AE-415B-BED2-264C2117E2EE}.Release|Any CPU.Build.0 = Release|Any CPU
	EndGlobalSection
	GlobalSection(SolutionProperties) = preSolution
		HideSolutionNode = FALSE
	EndGlobalSection
	GlobalSection(ExtensibilityGlobals) = postSolution
		SolutionGuid = {A25D5E58-4F45-4201-BC3B-58ACEC24A7B4}
	EndGlobalSection
EndGlobal
