
Microsoft Visual Studio Solution File, Format Version 12.00
# Visual Studio Version 17
VisualStudioVersion = 17.7.34018.315
MinimumVisualStudioVersion = 10.0.40219.1
Project("{FAE04EC0-301F-11D3-BF4B-00C04F79EFBC}") = "Final - DiagraphMatrix", "Final - DiagraphMatrix.csproj", "{2286C5EF-63F6-4D83-A40A-4D671FC12DF6}"
EndProject
Global
	GlobalSection(SolutionConfigurationPlatforms) = preSolution
		Debug|Any CPU = Debug|Any CPU
		Release|Any CPU = Release|Any CPU
	EndGlobalSection
	GlobalSection(ProjectConfigurationPlatforms) = postSolution
		{2286C5EF-63F6-4D83-A40A-4D671FC12DF6}.Debug|Any CPU.ActiveCfg = Debug|Any CPU
		{2286C5EF-63F6-4D83-A40A-4D671FC12DF6}.Debug|Any CPU.Build.0 = Debug|Any CPU
		{2286C5EF-63F6-4D83-A40A-4D671FC12DF6}.Release|Any CPU.ActiveCfg = Release|Any CPU
		{2286C5EF-63F6-4D83-A40A-4D671FC12DF6}.Release|Any CPU.Build.0 = Release|Any CPU
	EndGlobalSection
	GlobalSection(SolutionProperties) = preSolution
		HideSolutionNode = FALSE
	EndGlobalSection
	GlobalSection(ExtensibilityGlobals) = postSolution
		SolutionGuid = {A1CF2A7C-6806-4C6B-8000-E51625CA985B}
	EndGlobalSection
EndGlobal
