
Microsoft Visual Studio Solution File, Format Version 12.00
# Visual Studio Version 17
VisualStudioVersion = 17.6.33815.320
MinimumVisualStudioVersion = 10.0.40219.1
Project("{FAE04EC0-301F-11D3-BF4B-00C04F79EFBC}") = "PE12 - MyDerivedClass", "PE12 - MyDerivedClass.csproj", "{1DEE091E-0ADB-449E-AEA0-F26773C57069}"
EndProject
Global
	GlobalSection(SolutionConfigurationPlatforms) = preSolution
		Debug|Any CPU = Debug|Any CPU
		Release|Any CPU = Release|Any CPU
	EndGlobalSection
	GlobalSection(ProjectConfigurationPlatforms) = postSolution
		{1DEE091E-0ADB-449E-AEA0-F26773C57069}.Debug|Any CPU.ActiveCfg = Debug|Any CPU
		{1DEE091E-0ADB-449E-AEA0-F26773C57069}.Debug|Any CPU.Build.0 = Debug|Any CPU
		{1DEE091E-0ADB-449E-AEA0-F26773C57069}.Release|Any CPU.ActiveCfg = Release|Any CPU
		{1DEE091E-0ADB-449E-AEA0-F26773C57069}.Release|Any CPU.Build.0 = Release|Any CPU
	EndGlobalSection
	GlobalSection(SolutionProperties) = preSolution
		HideSolutionNode = FALSE
	EndGlobalSection
	GlobalSection(ExtensibilityGlobals) = postSolution
		SolutionGuid = {827FF954-A1AF-4AC9-AE37-7AD88073E405}
	EndGlobalSection
EndGlobal
