
Microsoft Visual Studio Solution File, Format Version 12.00
# Visual Studio Version 17
VisualStudioVersion = 17.7.34018.315
MinimumVisualStudioVersion = 10.0.40219.1
Project("{FAE04EC0-301F-11D3-BF4B-00C04F79EFBC}") = "Final - DigraphMatrixList", "Final - DigraphMatrixList.csproj", "{9486F533-6BD8-4B6F-B402-E5FDACA31E5B}"
EndProject
Global
	GlobalSection(SolutionConfigurationPlatforms) = preSolution
		Debug|Any CPU = Debug|Any CPU
		Release|Any CPU = Release|Any CPU
	EndGlobalSection
	GlobalSection(ProjectConfigurationPlatforms) = postSolution
		{9486F533-6BD8-4B6F-B402-E5FDACA31E5B}.Debug|Any CPU.ActiveCfg = Debug|Any CPU
		{9486F533-6BD8-4B6F-B402-E5FDACA31E5B}.Debug|Any CPU.Build.0 = Debug|Any CPU
		{9486F533-6BD8-4B6F-B402-E5FDACA31E5B}.Release|Any CPU.ActiveCfg = Release|Any CPU
		{9486F533-6BD8-4B6F-B402-E5FDACA31E5B}.Release|Any CPU.Build.0 = Release|Any CPU
	EndGlobalSection
	GlobalSection(SolutionProperties) = preSolution
		HideSolutionNode = FALSE
	EndGlobalSection
	GlobalSection(ExtensibilityGlobals) = postSolution
		SolutionGuid = {7ABBEEC8-F8C1-4929-8D4E-E35D369E4A36}
	EndGlobalSection
EndGlobal
