
Microsoft Visual Studio Solution File, Format Version 12.00
# Visual Studio Version 17
VisualStudioVersion = 17.6.33815.320
MinimumVisualStudioVersion = 10.0.40219.1
Project("{FAE04EC0-301F-11D3-BF4B-00C04F79EFBC}") = "PE9-ReadLineDelegate", "PE9-ReadLineDelegate.csproj", "{7D3F53AA-4266-4BA0-93B5-D1381F3984C2}"
EndProject
Global
	GlobalSection(SolutionConfigurationPlatforms) = preSolution
		Debug|Any CPU = Debug|Any CPU
		Release|Any CPU = Release|Any CPU
	EndGlobalSection
	GlobalSection(ProjectConfigurationPlatforms) = postSolution
		{7D3F53AA-4266-4BA0-93B5-D1381F3984C2}.Debug|Any CPU.ActiveCfg = Debug|Any CPU
		{7D3F53AA-4266-4BA0-93B5-D1381F3984C2}.Debug|Any CPU.Build.0 = Debug|Any CPU
		{7D3F53AA-4266-4BA0-93B5-D1381F3984C2}.Release|Any CPU.ActiveCfg = Release|Any CPU
		{7D3F53AA-4266-4BA0-93B5-D1381F3984C2}.Release|Any CPU.Build.0 = Release|Any CPU
	EndGlobalSection
	GlobalSection(SolutionProperties) = preSolution
		HideSolutionNode = FALSE
	EndGlobalSection
	GlobalSection(ExtensibilityGlobals) = postSolution
		SolutionGuid = {891EC9AE-3894-4B5D-B7B4-7CC59D08F5DF}
	EndGlobalSection
EndGlobal
