
Microsoft Visual Studio Solution File, Format Version 12.00
# Visual Studio Version 17
VisualStudioVersion = 17.6.33815.320
MinimumVisualStudioVersion = 10.0.40219.1
Project("{FAE04EC0-301F-11D3-BF4B-00C04F79EFBC}") = "PE8 - Adding Quotation Marks Exercise", "PE8 - Adding Quotation Marks Exercise.csproj", "{73454C7D-27FD-41D9-84A6-69E06FB77005}"
EndProject
Global
	GlobalSection(SolutionConfigurationPlatforms) = preSolution
		Debug|Any CPU = Debug|Any CPU
		Release|Any CPU = Release|Any CPU
	EndGlobalSection
	GlobalSection(ProjectConfigurationPlatforms) = postSolution
		{73454C7D-27FD-41D9-84A6-69E06FB77005}.Debug|Any CPU.ActiveCfg = Debug|Any CPU
		{73454C7D-27FD-41D9-84A6-69E06FB77005}.Debug|Any CPU.Build.0 = Debug|Any CPU
		{73454C7D-27FD-41D9-84A6-69E06FB77005}.Release|Any CPU.ActiveCfg = Release|Any CPU
		{73454C7D-27FD-41D9-84A6-69E06FB77005}.Release|Any CPU.Build.0 = Release|Any CPU
	EndGlobalSection
	GlobalSection(SolutionProperties) = preSolution
		HideSolutionNode = FALSE
	EndGlobalSection
	GlobalSection(ExtensibilityGlobals) = postSolution
		SolutionGuid = {75DBC30C-62B0-4684-97B2-B4F93EE19177}
	EndGlobalSection
EndGlobal
