
Microsoft Visual Studio Solution File, Format Version 12.00
# Visual Studio Version 17
VisualStudioVersion = 17.6.33815.320
MinimumVisualStudioVersion = 10.0.40219.1
Project("{FAE04EC0-301F-11D3-BF4B-00C04F79EFBC}") = "UT2 - Tuples", "UT2 - Tuples.csproj", "{F60A5769-35E4-49BA-B9B6-77BBC9F16624}"
EndProject
Global
	GlobalSection(SolutionConfigurationPlatforms) = preSolution
		Debug|Any CPU = Debug|Any CPU
		Release|Any CPU = Release|Any CPU
	EndGlobalSection
	GlobalSection(ProjectConfigurationPlatforms) = postSolution
		{F60A5769-35E4-49BA-B9B6-77BBC9F16624}.Debug|Any CPU.ActiveCfg = Debug|Any CPU
		{F60A5769-35E4-49BA-B9B6-77BBC9F16624}.Debug|Any CPU.Build.0 = Debug|Any CPU
		{F60A5769-35E4-49BA-B9B6-77BBC9F16624}.Release|Any CPU.ActiveCfg = Release|Any CPU
		{F60A5769-35E4-49BA-B9B6-77BBC9F16624}.Release|Any CPU.Build.0 = Release|Any CPU
	EndGlobalSection
	GlobalSection(SolutionProperties) = preSolution
		HideSolutionNode = FALSE
	EndGlobalSection
	GlobalSection(ExtensibilityGlobals) = postSolution
		SolutionGuid = {53CE2CFC-2DF0-4ADC-91ED-82AD999D821F}
	EndGlobalSection
EndGlobal
