
Microsoft Visual Studio Solution File, Format Version 12.00
# Visual Studio Version 17
VisualStudioVersion = 17.6.33815.320
MinimumVisualStudioVersion = 10.0.40219.1
Project("{FAE04EC0-301F-11D3-BF4B-00C04F79EFBC}") = "TestLibrary", "TestLibrary.csproj", "{334A92F9-F353-4F95-81EF-2B247F6B1E1D}"
EndProject
Global
	GlobalSection(SolutionConfigurationPlatforms) = preSolution
		Debug|Any CPU = Debug|Any CPU
		Release|Any CPU = Release|Any CPU
	EndGlobalSection
	GlobalSection(ProjectConfigurationPlatforms) = postSolution
		{334A92F9-F353-4F95-81EF-2B247F6B1E1D}.Debug|Any CPU.ActiveCfg = Debug|Any CPU
		{334A92F9-F353-4F95-81EF-2B247F6B1E1D}.Debug|Any CPU.Build.0 = Debug|Any CPU
		{334A92F9-F353-4F95-81EF-2B247F6B1E1D}.Release|Any CPU.ActiveCfg = Release|Any CPU
		{334A92F9-F353-4F95-81EF-2B247F6B1E1D}.Release|Any CPU.Build.0 = Release|Any CPU
	EndGlobalSection
	GlobalSection(SolutionProperties) = preSolution
		HideSolutionNode = FALSE
	EndGlobalSection
	GlobalSection(ExtensibilityGlobals) = postSolution
		SolutionGuid = {3D0DFFD0-DF54-43FD-B372-67F739C38EB3}
	EndGlobalSection
EndGlobal
